
Microsoft Visual Studio Solution File, Format Version 12.00
# Visual Studio 15
Project("{D954291E-2A0B-460D-934E-DC6B0785DB48}") = "GroupR", "GroupR\GroupR.shproj", "{1B0EC568-A48D-499A-AD6B-8A3F1BE4F772}"
EndProject
Project("{FAE04EC0-301F-11D3-BF4B-00C04F79EFBC}") = "GroupR.iOS", "iOS\GroupR.iOS.csproj", "{2EF72D95-F91A-4DE7-932B-60005A671EFC}"
EndProject
Project("{FAE04EC0-301F-11D3-BF4B-00C04F79EFBC}") = "GroupR.Droid", "Droid\GroupR.Droid.csproj", "{2FDFF6F0-BDE7-48F3-9D6F-1465291D629D}"
EndProject
Global
	GlobalSection(SolutionConfigurationPlatforms) = preSolution
		Debug|iPhoneSimulator = Debug|iPhoneSimulator
		Release|iPhone = Release|iPhone
		Release|iPhoneSimulator = Release|iPhoneSimulator
		Debug|iPhone = Debug|iPhone
		Debug|Any CPU = Debug|Any CPU
		Release|Any CPU = Release|Any CPU
	EndGlobalSection
	GlobalSection(ProjectConfigurationPlatforms) = postSolution
		{2EF72D95-F91A-4DE7-932B-60005A671EFC}.Debug|iPhoneSimulator.ActiveCfg = Debug|iPhoneSimulator
		{2EF72D95-F91A-4DE7-932B-60005A671EFC}.Debug|iPhoneSimulator.Build.0 = Debug|iPhoneSimulator
		{2EF72D95-F91A-4DE7-932B-60005A671EFC}.Release|iPhone.ActiveCfg = Release|iPhone
		{2EF72D95-F91A-4DE7-932B-60005A671EFC}.Release|iPhone.Build.0 = Release|iPhone
		{2EF72D95-F91A-4DE7-932B-60005A671EFC}.Release|iPhoneSimulator.ActiveCfg = Release|iPhoneSimulator
		{2EF72D95-F91A-4DE7-932B-60005A671EFC}.Release|iPhoneSimulator.Build.0 = Release|iPhoneSimulator
		{2EF72D95-F91A-4DE7-932B-60005A671EFC}.Debug|iPhone.ActiveCfg = Debug|iPhone
		{2EF72D95-F91A-4DE7-932B-60005A671EFC}.Debug|iPhone.Build.0 = Debug|iPhone
		{2EF72D95-F91A-4DE7-932B-60005A671EFC}.Debug|Any CPU.ActiveCfg = Debug|iPhoneSimulator
		{2EF72D95-F91A-4DE7-932B-60005A671EFC}.Debug|Any CPU.Build.0 = Debug|iPhoneSimulator
		{2EF72D95-F91A-4DE7-932B-60005A671EFC}.Release|Any CPU.ActiveCfg = Release|iPhone
		{2EF72D95-F91A-4DE7-932B-60005A671EFC}.Release|Any CPU.Build.0 = Release|iPhone
		{2FDFF6F0-BDE7-48F3-9D6F-1465291D629D}.Debug|iPhoneSimulator.ActiveCfg = Debug|Any CPU
		{2FDFF6F0-BDE7-48F3-9D6F-1465291D629D}.Debug|iPhoneSimulator.Build.0 = Debug|Any CPU
		{2FDFF6F0-BDE7-48F3-9D6F-1465291D629D}.Release|iPhone.ActiveCfg = Release|Any CPU
		{2FDFF6F0-BDE7-48F3-9D6F-1465291D629D}.Release|iPhone.Build.0 = Release|Any CPU
		{2FDFF6F0-BDE7-48F3-9D6F-1465291D629D}.Release|iPhoneSimulator.ActiveCfg = Release|Any CPU
		{2FDFF6F0-BDE7-48F3-9D6F-1465291D629D}.Release|iPhoneSimulator.Build.0 = Release|Any CPU
		{2FDFF6F0-BDE7-48F3-9D6F-1465291D629D}.Debug|iPhone.ActiveCfg = Debug|Any CPU
		{2FDFF6F0-BDE7-48F3-9D6F-1465291D629D}.Debug|iPhone.Build.0 = Debug|Any CPU
		{2FDFF6F0-BDE7-48F3-9D6F-1465291D629D}.Debug|Any CPU.ActiveCfg = Debug|Any CPU
		{2FDFF6F0-BDE7-48F3-9D6F-1465291D629D}.Debug|Any CPU.Build.0 = Debug|Any CPU
		{2FDFF6F0-BDE7-48F3-9D6F-1465291D629D}.Release|Any CPU.ActiveCfg = Release|Any CPU
		{2FDFF6F0-BDE7-48F3-9D6F-1465291D629D}.Release|Any CPU.Build.0 = Release|Any CPU
	EndGlobalSection
EndGlobal
