
Microsoft Visual Studio Solution File, Format Version 12.00
# Visual Studio 15
Project("{D954291E-2A0B-460D-934E-DC6B0785DB48}") = "GroupR", "GroupR\GroupR.shproj", "{06256A19-86C8-4428-BC8E-DC2F7221459F}"
EndProject
Project("{FAE04EC0-301F-11D3-BF4B-00C04F79EFBC}") = "GroupR.Android", "GroupR.Android\GroupR.Android.csproj", "{FE3ACB91-2564-41A5-A50A-77A014EDD5B0}"
EndProject
Project("{FAE04EC0-301F-11D3-BF4B-00C04F79EFBC}") = "GroupR.iOS", "GroupR.iOS\GroupR.iOS.csproj", "{93AB3D10-9AD2-4080-A1CC-9BC16B81A742}"
EndProject
Global
	GlobalSection(SolutionConfigurationPlatforms) = preSolution
		Debug|Any CPU = Debug|Any CPU
		Release|Any CPU = Release|Any CPU
		Debug|iPhoneSimulator = Debug|iPhoneSimulator
		Release|iPhoneSimulator = Release|iPhoneSimulator
		Debug|iPhone = Debug|iPhone
		Release|iPhone = Release|iPhone
	EndGlobalSection
	GlobalSection(ProjectConfigurationPlatforms) = postSolution
		{FE3ACB91-2564-41A5-A50A-77A014EDD5B0}.Debug|Any CPU.ActiveCfg = Debug|Any CPU
		{FE3ACB91-2564-41A5-A50A-77A014EDD5B0}.Debug|Any CPU.Build.0 = Debug|Any CPU
		{FE3ACB91-2564-41A5-A50A-77A014EDD5B0}.Release|Any CPU.ActiveCfg = Release|Any CPU
		{FE3ACB91-2564-41A5-A50A-77A014EDD5B0}.Release|Any CPU.Build.0 = Release|Any CPU
		{FE3ACB91-2564-41A5-A50A-77A014EDD5B0}.Debug|iPhoneSimulator.ActiveCfg = Debug|Any CPU
		{FE3ACB91-2564-41A5-A50A-77A014EDD5B0}.Debug|iPhoneSimulator.Build.0 = Debug|Any CPU
		{FE3ACB91-2564-41A5-A50A-77A014EDD5B0}.Release|iPhoneSimulator.ActiveCfg = Release|Any CPU
		{FE3ACB91-2564-41A5-A50A-77A014EDD5B0}.Release|iPhoneSimulator.Build.0 = Release|Any CPU
		{FE3ACB91-2564-41A5-A50A-77A014EDD5B0}.Debug|iPhone.ActiveCfg = Debug|Any CPU
		{FE3ACB91-2564-41A5-A50A-77A014EDD5B0}.Debug|iPhone.Build.0 = Debug|Any CPU
		{FE3ACB91-2564-41A5-A50A-77A014EDD5B0}.Release|iPhone.ActiveCfg = Release|Any CPU
		{FE3ACB91-2564-41A5-A50A-77A014EDD5B0}.Release|iPhone.Build.0 = Release|Any CPU
		{93AB3D10-9AD2-4080-A1CC-9BC16B81A742}.Debug|Any CPU.ActiveCfg = Debug|iPhoneSimulator
		{93AB3D10-9AD2-4080-A1CC-9BC16B81A742}.Debug|Any CPU.Build.0 = Debug|iPhoneSimulator
		{93AB3D10-9AD2-4080-A1CC-9BC16B81A742}.Release|Any CPU.ActiveCfg = Release|iPhoneSimulator
		{93AB3D10-9AD2-4080-A1CC-9BC16B81A742}.Release|Any CPU.Build.0 = Release|iPhoneSimulator
		{93AB3D10-9AD2-4080-A1CC-9BC16B81A742}.Debug|iPhoneSimulator.ActiveCfg = Debug|iPhoneSimulator
		{93AB3D10-9AD2-4080-A1CC-9BC16B81A742}.Debug|iPhoneSimulator.Build.0 = Debug|iPhoneSimulator
		{93AB3D10-9AD2-4080-A1CC-9BC16B81A742}.Release|iPhoneSimulator.ActiveCfg = Release|iPhoneSimulator
		{93AB3D10-9AD2-4080-A1CC-9BC16B81A742}.Release|iPhoneSimulator.Build.0 = Release|iPhoneSimulator
		{93AB3D10-9AD2-4080-A1CC-9BC16B81A742}.Debug|iPhone.ActiveCfg = Debug|iPhone
		{93AB3D10-9AD2-4080-A1CC-9BC16B81A742}.Debug|iPhone.Build.0 = Debug|iPhone
		{93AB3D10-9AD2-4080-A1CC-9BC16B81A742}.Release|iPhone.ActiveCfg = Release|iPhone
		{93AB3D10-9AD2-4080-A1CC-9BC16B81A742}.Release|iPhone.Build.0 = Release|iPhone
	EndGlobalSection
EndGlobal
